
Microsoft Visual Studio Solution File, Format Version 12.00
# Visual Studio Version 17
VisualStudioVersion = 17.1.32328.378
MinimumVisualStudioVersion = 10.0.40219.1
Project("{FAE04EC0-301F-11D3-BF4B-00C04F79EFBC}") = "Linq.Homework.App", "Linq.Homework.App\Linq.Homework.App.csproj", "{C2CB00C4-5449-4320-9DD7-59F96083E5A1}"
EndProject
Project("{FAE04EC0-301F-11D3-BF4B-00C04F79EFBC}") = "Linq.Homework.Domain", "Linq.Homework.Domain\Linq.Homework.Domain.csproj", "{FA37CEAC-AFBB-449A-834F-A8116B597C2C}"
EndProject
Project("{FAE04EC0-301F-11D3-BF4B-00C04F79EFBC}") = "Linq.Homework.DataAccess", "Linq.Homework.DataAccess\Linq.Homework.DataAccess.csproj", "{F4093B5A-5DE3-406F-B2FC-FC9CF7A73F7E}"
EndProject
Project("{FAE04EC0-301F-11D3-BF4B-00C04F79EFBC}") = "Linq.Homework.Helpers", "Linq.Homework.Helpers\Linq.Homework.Helpers.csproj", "{7E17B255-B069-4169-B863-976408079FA8}"
EndProject
Global
	GlobalSection(SolutionConfigurationPlatforms) = preSolution
		Debug|Any CPU = Debug|Any CPU
		Release|Any CPU = Release|Any CPU
	EndGlobalSection
	GlobalSection(ProjectConfigurationPlatforms) = postSolution
		{C2CB00C4-5449-4320-9DD7-59F96083E5A1}.Debug|Any CPU.ActiveCfg = Debug|Any CPU
		{C2CB00C4-5449-4320-9DD7-59F96083E5A1}.Debug|Any CPU.Build.0 = Debug|Any CPU
		{C2CB00C4-5449-4320-9DD7-59F96083E5A1}.Release|Any CPU.ActiveCfg = Release|Any CPU
		{C2CB00C4-5449-4320-9DD7-59F96083E5A1}.Release|Any CPU.Build.0 = Release|Any CPU
		{FA37CEAC-AFBB-449A-834F-A8116B597C2C}.Debug|Any CPU.ActiveCfg = Debug|Any CPU
		{FA37CEAC-AFBB-449A-834F-A8116B597C2C}.Debug|Any CPU.Build.0 = Debug|Any CPU
		{FA37CEAC-AFBB-449A-834F-A8116B597C2C}.Release|Any CPU.ActiveCfg = Release|Any CPU
		{FA37CEAC-AFBB-449A-834F-A8116B597C2C}.Release|Any CPU.Build.0 = Release|Any CPU
		{F4093B5A-5DE3-406F-B2FC-FC9CF7A73F7E}.Debug|Any CPU.ActiveCfg = Debug|Any CPU
		{F4093B5A-5DE3-406F-B2FC-FC9CF7A73F7E}.Debug|Any CPU.Build.0 = Debug|Any CPU
		{F4093B5A-5DE3-406F-B2FC-FC9CF7A73F7E}.Release|Any CPU.ActiveCfg = Release|Any CPU
		{F4093B5A-5DE3-406F-B2FC-FC9CF7A73F7E}.Release|Any CPU.Build.0 = Release|Any CPU
		{7E17B255-B069-4169-B863-976408079FA8}.Debug|Any CPU.ActiveCfg = Debug|Any CPU
		{7E17B255-B069-4169-B863-976408079FA8}.Debug|Any CPU.Build.0 = Debug|Any CPU
		{7E17B255-B069-4169-B863-976408079FA8}.Release|Any CPU.ActiveCfg = Release|Any CPU
		{7E17B255-B069-4169-B863-976408079FA8}.Release|Any CPU.Build.0 = Release|Any CPU
	EndGlobalSection
	GlobalSection(SolutionProperties) = preSolution
		HideSolutionNode = FALSE
	EndGlobalSection
	GlobalSection(ExtensibilityGlobals) = postSolution
		SolutionGuid = {B3B141EC-8213-4C49-880E-8444C42833BF}
	EndGlobalSection
EndGlobal
