
Microsoft Visual Studio Solution File, Format Version 12.00
# Visual Studio Version 17
VisualStudioVersion = 17.1.32228.430
MinimumVisualStudioVersion = 10.0.40219.1
Project("{FAE04EC0-301F-11D3-BF4B-00C04F79EFBC}") = "Homework_01", "Homework_01\Homework_01.csproj", "{19F9B96C-3F38-4FD5-8095-DB23679C707A}"
EndProject
Project("{FAE04EC0-301F-11D3-BF4B-00C04F79EFBC}") = "Exercise_01", "Exercise_01\Exercise_01.csproj", "{5BA599D6-364D-4348-B3CA-A7AEB7C0E273}"
EndProject
Project("{FAE04EC0-301F-11D3-BF4B-00C04F79EFBC}") = "Exercise_02", "Exercise_02\Exercise_02.csproj", "{C4D652DD-6EE2-4F06-A13F-EEDB4BDED495}"
EndProject
Global
	GlobalSection(SolutionConfigurationPlatforms) = preSolution
		Debug|Any CPU = Debug|Any CPU
		Release|Any CPU = Release|Any CPU
	EndGlobalSection
	GlobalSection(ProjectConfigurationPlatforms) = postSolution
		{19F9B96C-3F38-4FD5-8095-DB23679C707A}.Debug|Any CPU.ActiveCfg = Debug|Any CPU
		{19F9B96C-3F38-4FD5-8095-DB23679C707A}.Debug|Any CPU.Build.0 = Debug|Any CPU
		{19F9B96C-3F38-4FD5-8095-DB23679C707A}.Release|Any CPU.ActiveCfg = Release|Any CPU
		{19F9B96C-3F38-4FD5-8095-DB23679C707A}.Release|Any CPU.Build.0 = Release|Any CPU
		{5BA599D6-364D-4348-B3CA-A7AEB7C0E273}.Debug|Any CPU.ActiveCfg = Debug|Any CPU
		{5BA599D6-364D-4348-B3CA-A7AEB7C0E273}.Debug|Any CPU.Build.0 = Debug|Any CPU
		{5BA599D6-364D-4348-B3CA-A7AEB7C0E273}.Release|Any CPU.ActiveCfg = Release|Any CPU
		{5BA599D6-364D-4348-B3CA-A7AEB7C0E273}.Release|Any CPU.Build.0 = Release|Any CPU
		{C4D652DD-6EE2-4F06-A13F-EEDB4BDED495}.Debug|Any CPU.ActiveCfg = Debug|Any CPU
		{C4D652DD-6EE2-4F06-A13F-EEDB4BDED495}.Debug|Any CPU.Build.0 = Debug|Any CPU
		{C4D652DD-6EE2-4F06-A13F-EEDB4BDED495}.Release|Any CPU.ActiveCfg = Release|Any CPU
		{C4D652DD-6EE2-4F06-A13F-EEDB4BDED495}.Release|Any CPU.Build.0 = Release|Any CPU
	EndGlobalSection
	GlobalSection(SolutionProperties) = preSolution
		HideSolutionNode = FALSE
	EndGlobalSection
	GlobalSection(ExtensibilityGlobals) = postSolution
		SolutionGuid = {3E985BAF-9CEF-4344-8075-6092CF90D11C}
	EndGlobalSection
EndGlobal
